// !$*UTF8*$!
{
	archiveVersion = 1;
	classes = {
	};
	objectVersion = 56;
	objects = {

/* Begin PBXBuildFile section */
		842005782C1F500000349B2D /* AppDelegate.m in Sources */ = {isa = PBXBuildFile; fileRef = 842005772C1F500000349B2D /* AppDelegate.m */; };
		8420057B2C1F500000349B2D /* SceneDelegate.m in Sources */ = {isa = PBXBuildFile; fileRef = 8420057A2C1F500000349B2D /* SceneDelegate.m */; };
		8420057E2C1F500000349B2D /* ViewController.m in Sources */ = {isa = PBXBuildFile; fileRef = 8420057D2C1F500000349B2D /* ViewController.m */; };
		842005812C1F500000349B2D /* Base in Resources */ = {isa = PBXBuildFile; fileRef = 842005802C1F500000349B2D /* Base */; };
		842005842C1F500000349B2D /* Beneficiaries.xcdatamodeld in Sources */ = {isa = PBXBuildFile; fileRef = 842005822C1F500000349B2D /* Beneficiaries.xcdatamodeld */; };
		842005862C1F500400349B2D /* Assets.xcassets in Resources */ = {isa = PBXBuildFile; fileRef = 842005852C1F500400349B2D /* Assets.xcassets */; };
		842005892C1F500400349B2D /* Base in Resources */ = {isa = PBXBuildFile; fileRef = 842005882C1F500400349B2D /* Base */; };
		8420058C2C1F500400349B2D /* main.m in Sources */ = {isa = PBXBuildFile; fileRef = 8420058B2C1F500400349B2D /* main.m */; };
		842005962C1F500500349B2D /* BeneficiariesTests.m in Sources */ = {isa = PBXBuildFile; fileRef = 842005952C1F500500349B2D /* BeneficiariesTests.m */; };
		842005A02C1F500500349B2D /* BeneficiariesUITests.m in Sources */ = {isa = PBXBuildFile; fileRef = 8420059F2C1F500500349B2D /* BeneficiariesUITests.m */; };
		842005A22C1F500500349B2D /* BeneficiariesUITestsLaunchTests.m in Sources */ = {isa = PBXBuildFile; fileRef = 842005A12C1F500500349B2D /* BeneficiariesUITestsLaunchTests.m */; };
/* End PBXBuildFile section */

/* Begin PBXContainerItemProxy section */
		842005922C1F500500349B2D /* PBXContainerItemProxy */ = {
			isa = PBXContainerItemProxy;
			containerPortal = 8420056B2C1F500000349B2D /* Project object */;
			proxyType = 1;
			remoteGlobalIDString = 842005722C1F500000349B2D;
			remoteInfo = Beneficiaries;
		};
		8420059C2C1F500500349B2D /* PBXContainerItemProxy */ = {
			isa = PBXContainerItemProxy;
			containerPortal = 8420056B2C1F500000349B2D /* Project object */;
			proxyType = 1;
			remoteGlobalIDString = 842005722C1F500000349B2D;
			remoteInfo = Beneficiaries;
		};
/* End PBXContainerItemProxy section */

/* Begin PBXFileReference section */
		842005732C1F500000349B2D /* Beneficiaries.app */ = {isa = PBXFileReference; explicitFileType = wrapper.application; includeInIndex = 0; path = Beneficiaries.app; sourceTree = BUILT_PRODUCTS_DIR; };
		842005762C1F500000349B2D /* AppDelegate.h */ = {isa = PBXFileReference; lastKnownFileType = sourcecode.c.h; path = AppDelegate.h; sourceTree = "<group>"; };
		842005772C1F500000349B2D /* AppDelegate.m */ = {isa = PBXFileReference; lastKnownFileType = sourcecode.c.objc; path = AppDelegate.m; sourceTree = "<group>"; };
		842005792C1F500000349B2D /* SceneDelegate.h */ = {isa = PBXFileReference; lastKnownFileType = sourcecode.c.h; path = SceneDelegate.h; sourceTree = "<group>"; };
		8420057A2C1F500000349B2D /* SceneDelegate.m */ = {isa = PBXFileReference; lastKnownFileType = sourcecode.c.objc; path = SceneDelegate.m; sourceTree = "<group>"; };
		8420057C2C1F500000349B2D /* ViewController.h */ = {isa = PBXFileReference; lastKnownFileType = sourcecode.c.h; path = ViewController.h; sourceTree = "<group>"; };
		8420057D2C1F500000349B2D /* ViewController.m */ = {isa = PBXFileReference; lastKnownFileType = sourcecode.c.objc; path = ViewController.m; sourceTree = "<group>"; };
		842005802C1F500000349B2D /* Base */ = {isa = PBXFileReference; lastKnownFileType = file.storyboard; name = Base; path = Base.lproj/Main.storyboard; sourceTree = "<group>"; };
		842005832C1F500000349B2D /* Beneficiaries.xcdatamodel */ = {isa = PBXFileReference; lastKnownFileType = wrapper.xcdatamodel; path = Beneficiaries.xcdatamodel; sourceTree = "<group>"; };
		842005852C1F500400349B2D /* Assets.xcassets */ = {isa = PBXFileReference; lastKnownFileType = folder.assetcatalog; path = Assets.xcassets; sourceTree = "<group>"; };
		842005882C1F500400349B2D /* Base */ = {isa = PBXFileReference; lastKnownFileType = file.storyboard; name = Base; path = Base.lproj/LaunchScreen.storyboard; sourceTree = "<group>"; };
		8420058A2C1F500400349B2D /* Info.plist */ = {isa = PBXFileReference; lastKnownFileType = text.plist.xml; path = Info.plist; sourceTree = "<group>"; };
		8420058B2C1F500400349B2D /* main.m */ = {isa = PBXFileReference; lastKnownFileType = sourcecode.c.objc; path = main.m; sourceTree = "<group>"; };
		842005912C1F500500349B2D /* BeneficiariesTests.xctest */ = {isa = PBXFileReference; explicitFileType = wrapper.cfbundle; includeInIndex = 0; path = BeneficiariesTests.xctest; sourceTree = BUILT_PRODUCTS_DIR; };
		842005952C1F500500349B2D /* BeneficiariesTests.m */ = {isa = PBXFileReference; lastKnownFileType = sourcecode.c.objc; path = BeneficiariesTests.m; sourceTree = "<group>"; };
		8420059B2C1F500500349B2D /* BeneficiariesUITests.xctest */ = {isa = PBXFileReference; explicitFileType = wrapper.cfbundle; includeInIndex = 0; path = BeneficiariesUITests.xctest; sourceTree = BUILT_PRODUCTS_DIR; };
		8420059F2C1F500500349B2D /* BeneficiariesUITests.m */ = {isa = PBXFileReference; lastKnownFileType = sourcecode.c.objc; path = BeneficiariesUITests.m; sourceTree = "<group>"; };
		842005A12C1F500500349B2D /* BeneficiariesUITestsLaunchTests.m */ = {isa = PBXFileReference; lastKnownFileType = sourcecode.c.objc; path = BeneficiariesUITestsLaunchTests.m; sourceTree = "<group>"; };
/* End PBXFileReference section */

/* Begin PBXFrameworksBuildPhase section */
		842005702C1F500000349B2D /* Frameworks */ = {
			isa = PBXFrameworksBuildPhase;
			buildActionMask = 2147483647;
			files = (
			);
			runOnlyForDeploymentPostprocessing = 0;
		};
		8420058E2C1F500500349B2D /* Frameworks */ = {
			isa = PBXFrameworksBuildPhase;
			buildActionMask = 2147483647;
			files = (
			);
			runOnlyForDeploymentPostprocessing = 0;
		};
		842005982C1F500500349B2D /* Frameworks */ = {
			isa = PBXFrameworksBuildPhase;
			buildActionMask = 2147483647;
			files = (
			);
			runOnlyForDeploymentPostprocessing = 0;
		};
/* End PBXFrameworksBuildPhase section */

/* Begin PBXGroup section */
		8420056A2C1F500000349B2D = {
			isa = PBXGroup;
			children = (
				842005752C1F500000349B2D /* Beneficiaries */,
				842005942C1F500500349B2D /* BeneficiariesTests */,
				8420059E2C1F500500349B2D /* BeneficiariesUITests */,
				842005742C1F500000349B2D /* Products */,
			);
			sourceTree = "<group>";
		};
		842005742C1F500000349B2D /* Products */ = {
			isa = PBXGroup;
			children = (
				842005732C1F500000349B2D /* Beneficiaries.app */,
				842005912C1F500500349B2D /* BeneficiariesTests.xctest */,
				8420059B2C1F500500349B2D /* BeneficiariesUITests.xctest */,
			);
			name = Products;
			sourceTree = "<group>";
		};
		842005752C1F500000349B2D /* Beneficiaries */ = {
			isa = PBXGroup;
			children = (
				842005762C1F500000349B2D /* AppDelegate.h */,
				842005772C1F500000349B2D /* AppDelegate.m */,
				842005792C1F500000349B2D /* SceneDelegate.h */,
				8420057A2C1F500000349B2D /* SceneDelegate.m */,
				8420057C2C1F500000349B2D /* ViewController.h */,
				8420057D2C1F500000349B2D /* ViewController.m */,
				8420057F2C1F500000349B2D /* Main.storyboard */,
				842005852C1F500400349B2D /* Assets.xcassets */,
				842005872C1F500400349B2D /* LaunchScreen.storyboard */,
				8420058A2C1F500400349B2D /* Info.plist */,
				8420058B2C1F500400349B2D /* main.m */,
				842005822C1F500000349B2D /* Beneficiaries.xcdatamodeld */,
			);
			path = Beneficiaries;
			sourceTree = "<group>";
		};
		842005942C1F500500349B2D /* BeneficiariesTests */ = {
			isa = PBXGroup;
			children = (
				842005952C1F500500349B2D /* BeneficiariesTests.m */,
			);
			path = BeneficiariesTests;
			sourceTree = "<group>";
		};
		8420059E2C1F500500349B2D /* BeneficiariesUITests */ = {
			isa = PBXGroup;
			children = (
				8420059F2C1F500500349B2D /* BeneficiariesUITests.m */,
				842005A12C1F500500349B2D /* BeneficiariesUITestsLaunchTests.m */,
			);
			path = BeneficiariesUITests;
			sourceTree = "<group>";
		};
/* End PBXGroup section */

/* Begin PBXNativeTarget section */
		842005722C1F500000349B2D /* Beneficiaries */ = {
			isa = PBXNativeTarget;
			buildConfigurationList = 842005A52C1F500500349B2D /* Build configuration list for PBXNativeTarget "Beneficiaries" */;
			buildPhases = (
				8420056F2C1F500000349B2D /* Sources */,
				842005702C1F500000349B2D /* Frameworks */,
				842005712C1F500000349B2D /* Resources */,
			);
			buildRules = (
			);
			dependencies = (
			);
			name = Beneficiaries;
			productName = Beneficiaries;
			productReference = 842005732C1F500000349B2D /* Beneficiaries.app */;
			productType = "com.apple.product-type.application";
		};
		842005902C1F500500349B2D /* BeneficiariesTests */ = {
			isa = PBXNativeTarget;
			buildConfigurationList = 842005A82C1F500500349B2D /* Build configuration list for PBXNativeTarget "BeneficiariesTests" */;
			buildPhases = (
				8420058D2C1F500500349B2D /* Sources */,
				8420058E2C1F500500349B2D /* Frameworks */,
				8420058F2C1F500500349B2D /* Resources */,
			);
			buildRules = (
			);
			dependencies = (
				842005932C1F500500349B2D /* PBXTargetDependency */,
			);
			name = BeneficiariesTests;
			productName = BeneficiariesTests;
			productReference = 842005912C1F500500349B2D /* BeneficiariesTests.xctest */;
			productType = "com.apple.product-type.bundle.unit-test";
		};
		8420059A2C1F500500349B2D /* BeneficiariesUITests */ = {
			isa = PBXNativeTarget;
			buildConfigurationList = 842005AB2C1F500500349B2D /* Build configuration list for PBXNativeTarget "BeneficiariesUITests" */;
			buildPhases = (
				842005972C1F500500349B2D /* Sources */,
				842005982C1F500500349B2D /* Frameworks */,
				842005992C1F500500349B2D /* Resources */,
			);
			buildRules = (
			);
			dependencies = (
				8420059D2C1F500500349B2D /* PBXTargetDependency */,
			);
			name = BeneficiariesUITests;
			productName = BeneficiariesUITests;
			productReference = 8420059B2C1F500500349B2D /* BeneficiariesUITests.xctest */;
			productType = "com.apple.product-type.bundle.ui-testing";
		};
/* End PBXNativeTarget section */

/* Begin PBXProject section */
		8420056B2C1F500000349B2D /* Project object */ = {
			isa = PBXProject;
			attributes = {
				BuildIndependentTargetsInParallel = 1;
				LastUpgradeCheck = 1540;
				TargetAttributes = {
					842005722C1F500000349B2D = {
						CreatedOnToolsVersion = 15.4;
					};
					842005902C1F500500349B2D = {
						CreatedOnToolsVersion = 15.4;
						TestTargetID = 842005722C1F500000349B2D;
					};
					8420059A2C1F500500349B2D = {
						CreatedOnToolsVersion = 15.4;
						TestTargetID = 842005722C1F500000349B2D;
					};
				};
			};
			buildConfigurationList = 8420056E2C1F500000349B2D /* Build configuration list for PBXProject "Beneficiaries" */;
			compatibilityVersion = "Xcode 14.0";
			developmentRegion = en;
			hasScannedForEncodings = 0;
			knownRegions = (
				en,
				Base,
			);
			mainGroup = 8420056A2C1F500000349B2D;
			productRefGroup = 842005742C1F500000349B2D /* Products */;
			projectDirPath = "";
			projectRoot = "";
			targets = (
				842005722C1F500000349B2D /* Beneficiaries */,
				842005902C1F500500349B2D /* BeneficiariesTests */,
				8420059A2C1F500500349B2D /* BeneficiariesUITests */,
			);
		};
/* End PBXProject section */

/* Begin PBXResourcesBuildPhase section */
		842005712C1F500000349B2D /* Resources */ = {
			isa = PBXResourcesBuildPhase;
			buildActionMask = 2147483647;
			files = (
				842005862C1F500400349B2D /* Assets.xcassets in Resources */,
				842005892C1F500400349B2D /* Base in Resources */,
				842005812C1F500000349B2D /* Base in Resources */,
			);
			runOnlyForDeploymentPostprocessing = 0;
		};
		8420058F2C1F500500349B2D /* Resources */ = {
			isa = PBXResourcesBuildPhase;
			buildActionMask = 2147483647;
			files = (
			);
			runOnlyForDeploymentPostprocessing = 0;
		};
		842005992C1F500500349B2D /* Resources */ = {
			isa = PBXResourcesBuildPhase;
			buildActionMask = 2147483647;
			files = (
			);
			runOnlyForDeploymentPostprocessing = 0;
		};
/* End PBXResourcesBuildPhase section */

/* Begin PBXSourcesBuildPhase section */
		8420056F2C1F500000349B2D /* Sources */ = {
			isa = PBXSourcesBuildPhase;
			buildActionMask = 2147483647;
			files = (
				8420058C2C1F500400349B2D /* main.m in Sources */,
				8420057E2C1F500000349B2D /* ViewController.m in Sources */,
				842005782C1F500000349B2D /* AppDelegate.m in Sources */,
				8420057B2C1F500000349B2D /* SceneDelegate.m in Sources */,
				842005842C1F500000349B2D /* Beneficiaries.xcdatamodeld in Sources */,
			);
			runOnlyForDeploymentPostprocessing = 0;
		};
		8420058D2C1F500500349B2D /* Sources */ = {
			isa = PBXSourcesBuildPhase;
			buildActionMask = 2147483647;
			files = (
				842005962C1F500500349B2D /* BeneficiariesTests.m in Sources */,
			);
			runOnlyForDeploymentPostprocessing = 0;
		};
		842005972C1F500500349B2D /* Sources */ = {
			isa = PBXSourcesBuildPhase;
			buildActionMask = 2147483647;
			files = (
				842005A22C1F500500349B2D /* BeneficiariesUITestsLaunchTests.m in Sources */,
				842005A02C1F500500349B2D /* BeneficiariesUITests.m in Sources */,
			);
			runOnlyForDeploymentPostprocessing = 0;
		};
/* End PBXSourcesBuildPhase section */

/* Begin PBXTargetDependency section */
		842005932C1F500500349B2D /* PBXTargetDependency */ = {
			isa = PBXTargetDependency;
			target = 842005722C1F500000349B2D /* Beneficiaries */;
			targetProxy = 842005922C1F500500349B2D /* PBXContainerItemProxy */;
		};
		8420059D2C1F500500349B2D /* PBXTargetDependency */ = {
			isa = PBXTargetDependency;
			target = 842005722C1F500000349B2D /* Beneficiaries */;
			targetProxy = 8420059C2C1F500500349B2D /* PBXContainerItemProxy */;
		};
/* End PBXTargetDependency section */

/* Begin PBXVariantGroup section */
		8420057F2C1F500000349B2D /* Main.storyboard */ = {
			isa = PBXVariantGroup;
			children = (
				842005802C1F500000349B2D /* Base */,
			);
			name = Main.storyboard;
			sourceTree = "<group>";
		};
		842005872C1F500400349B2D /* LaunchScreen.storyboard */ = {
			isa = PBXVariantGroup;
			children = (
				842005882C1F500400349B2D /* Base */,
			);
			name = LaunchScreen.storyboard;
			sourceTree = "<group>";
		};
/* End PBXVariantGroup section */

/* Begin XCBuildConfiguration section */
		842005A32C1F500500349B2D /* Debug */ = {
			isa = XCBuildConfiguration;
			buildSettings = {
				ALWAYS_SEARCH_USER_PATHS = NO;
				ASSETCATALOG_COMPILER_GENERATE_SWIFT_ASSET_SYMBOL_EXTENSIONS = YES;
				CLANG_ANALYZER_NONNULL = YES;
				CLANG_ANALYZER_NUMBER_OBJECT_CONVERSION = YES_AGGRESSIVE;
				CLANG_CXX_LANGUAGE_STANDARD = "gnu++20";
				CLANG_ENABLE_MODULES = YES;
				CLANG_ENABLE_OBJC_ARC = YES;
				CLANG_ENABLE_OBJC_WEAK = YES;
				CLANG_WARN_BLOCK_CAPTURE_AUTORELEASING = YES;
				CLANG_WARN_BOOL_CONVERSION = YES;
				CLANG_WARN_COMMA = YES;
				CLANG_WARN_CONSTANT_CONVERSION = YES;
				CLANG_WARN_DEPRECATED_OBJC_IMPLEMENTATIONS = YES;
				CLANG_WARN_DIRECT_OBJC_ISA_USAGE = YES_ERROR;
				CLANG_WARN_DOCUMENTATION_COMMENTS = YES;
				CLANG_WARN_EMPTY_BODY = YES;
				CLANG_WARN_ENUM_CONVERSION = YES;
				CLANG_WARN_INFINITE_RECURSION = YES;
				CLANG_WARN_INT_CONVERSION = YES;
				CLANG_WARN_NON_LITERAL_NULL_CONVERSION = YES;
				CLANG_WARN_OBJC_IMPLICIT_RETAIN_SELF = YES;
				CLANG_WARN_OBJC_LITERAL_CONVERSION = YES;
				CLANG_WARN_OBJC_ROOT_CLASS = YES_ERROR;
				CLANG_WARN_QUOTED_INCLUDE_IN_FRAMEWORK_HEADER = YES;
				CLANG_WARN_RANGE_LOOP_ANALYSIS = YES;
				CLANG_WARN_STRICT_PROTOTYPES = YES;
				CLANG_WARN_SUSPICIOUS_MOVE = YES;
				CLANG_WARN_UNGUARDED_AVAILABILITY = YES_AGGRESSIVE;
				CLANG_WARN_UNREACHABLE_CODE = YES;
				CLANG_WARN__DUPLICATE_METHOD_MATCH = YES;
				COPY_PHASE_STRIP = NO;
				DEBUG_INFORMATION_FORMAT = dwarf;
				ENABLE_STRICT_OBJC_MSGSEND = YES;
				ENABLE_TESTABILITY = YES;
				ENABLE_USER_SCRIPT_SANDBOXING = YES;
				GCC_C_LANGUAGE_STANDARD = gnu17;
				GCC_DYNAMIC_NO_PIC = NO;
				GCC_NO_COMMON_BLOCKS = YES;
				GCC_OPTIMIZATION_LEVEL = 0;
				GCC_PREPROCESSOR_DEFINITIONS = (
					"DEBUG=1",
					"$(inherited)",
				);
				GCC_WARN_64_TO_32_BIT_CONVERSION = YES;
				GCC_WARN_ABOUT_RETURN_TYPE = YES_ERROR;
				GCC_WARN_UNDECLARED_SELECTOR = YES;
				GCC_WARN_UNINITIALIZED_AUTOS = YES_AGGRESSIVE;
				GCC_WARN_UNUSED_FUNCTION = YES;
				GCC_WARN_UNUSED_VARIABLE = YES;
				IPHONEOS_DEPLOYMENT_TARGET = 17.5;
				LOCALIZATION_PREFERS_STRING_CATALOGS = YES;
				MTL_ENABLE_DEBUG_INFO = INCLUDE_SOURCE;
				MTL_FAST_MATH = YES;
				ONLY_ACTIVE_ARCH = YES;
				SDKROOT = iphoneos;
			};
			name = Debug;
		};
		842005A42C1F500500349B2D /* Release */ = {
			isa = XCBuildConfiguration;
			buildSettings = {
				ALWAYS_SEARCH_USER_PATHS = NO;
				ASSETCATALOG_COMPILER_GENERATE_SWIFT_ASSET_SYMBOL_EXTENSIONS = YES;
				CLANG_ANALYZER_NONNULL = YES;
				CLANG_ANALYZER_NUMBER_OBJECT_CONVERSION = YES_AGGRESSIVE;
				CLANG_CXX_LANGUAGE_STANDARD = "gnu++20";
				CLANG_ENABLE_MODULES = YES;
				CLANG_ENABLE_OBJC_ARC = YES;
				CLANG_ENABLE_OBJC_WEAK = YES;
				CLANG_WARN_BLOCK_CAPTURE_AUTORELEASING = YES;
				CLANG_WARN_BOOL_CONVERSION = YES;
				CLANG_WARN_COMMA = YES;
				CLANG_WARN_CONSTANT_CONVERSION = YES;
				CLANG_WARN_DEPRECATED_OBJC_IMPLEMENTATIONS = YES;
				CLANG_WARN_DIRECT_OBJC_ISA_USAGE = YES_ERROR;
				CLANG_WARN_DOCUMENTATION_COMMENTS = YES;
				CLANG_WARN_EMPTY_BODY = YES;
				CLANG_WARN_ENUM_CONVERSION = YES;
				CLANG_WARN_INFINITE_RECURSION = YES;
				CLANG_WARN_INT_CONVERSION = YES;
				CLANG_WARN_NON_LITERAL_NULL_CONVERSION = YES;
				CLANG_WARN_OBJC_IMPLICIT_RETAIN_SELF = YES;
				CLANG_WARN_OBJC_LITERAL_CONVERSION = YES;
				CLANG_WARN_OBJC_ROOT_CLASS = YES_ERROR;
				CLANG_WARN_QUOTED_INCLUDE_IN_FRAMEWORK_HEADER = YES;
				CLANG_WARN_RANGE_LOOP_ANALYSIS = YES;
				CLANG_WARN_STRICT_PROTOTYPES = YES;
				CLANG_WARN_SUSPICIOUS_MOVE = YES;
				CLANG_WARN_UNGUARDED_AVAILABILITY = YES_AGGRESSIVE;
				CLANG_WARN_UNREACHABLE_CODE = YES;
				CLANG_WARN__DUPLICATE_METHOD_MATCH = YES;
				COPY_PHASE_STRIP = NO;
				DEBUG_INFORMATION_FORMAT = "dwarf-with-dsym";
				ENABLE_NS_ASSERTIONS = NO;
				ENABLE_STRICT_OBJC_MSGSEND = YES;
				ENABLE_USER_SCRIPT_SANDBOXING = YES;
				GCC_C_LANGUAGE_STANDARD = gnu17;
				GCC_NO_COMMON_BLOCKS = YES;
				GCC_WARN_64_TO_32_BIT_CONVERSION = YES;
				GCC_WARN_ABOUT_RETURN_TYPE = YES_ERROR;
				GCC_WARN_UNDECLARED_SELECTOR = YES;
				GCC_WARN_UNINITIALIZED_AUTOS = YES_AGGRESSIVE;
				GCC_WARN_UNUSED_FUNCTION = YES;
				GCC_WARN_UNUSED_VARIABLE = YES;
				IPHONEOS_DEPLOYMENT_TARGET = 17.5;
				LOCALIZATION_PREFERS_STRING_CATALOGS = YES;
				MTL_ENABLE_DEBUG_INFO = NO;
				MTL_FAST_MATH = YES;
				SDKROOT = iphoneos;
				VALIDATE_PRODUCT = YES;
			};
			name = Release;
		};
		842005A62C1F500500349B2D /* Debug */ = {
			isa = XCBuildConfiguration;
			buildSettings = {
				ASSETCATALOG_COMPILER_APPICON_NAME = AppIcon;
				ASSETCATALOG_COMPILER_GLOBAL_ACCENT_COLOR_NAME = AccentColor;
				CODE_SIGN_STYLE = Automatic;
				CURRENT_PROJECT_VERSION = 1;
				DEVELOPMENT_TEAM = BB77277Y6X;
				GENERATE_INFOPLIST_FILE = YES;
				INFOPLIST_FILE = Beneficiaries/Info.plist;
				INFOPLIST_KEY_UIApplicationSupportsIndirectInputEvents = YES;
				INFOPLIST_KEY_UILaunchStoryboardName = LaunchScreen;
				INFOPLIST_KEY_UIMainStoryboardFile = Main;
				INFOPLIST_KEY_UISupportedInterfaceOrientations_iPad = "UIInterfaceOrientationPortrait UIInterfaceOrientationPortraitUpsideDown UIInterfaceOrientationLandscapeLeft UIInterfaceOrientationLandscapeRight";
				INFOPLIST_KEY_UISupportedInterfaceOrientations_iPhone = "UIInterfaceOrientationPortrait UIInterfaceOrientationLandscapeLeft UIInterfaceOrientationLandscapeRight";
				LD_RUNPATH_SEARCH_PATHS = (
					"$(inherited)",
					"@executable_path/Frameworks",
				);
				MARKETING_VERSION = 1.0;
				PRODUCT_BUNDLE_IDENTIFIER = com.self.Beneficiaries;
				PRODUCT_NAME = "$(TARGET_NAME)";
				SWIFT_EMIT_LOC_STRINGS = YES;
				TARGETED_DEVICE_FAMILY = "1,2";
			};
			name = Debug;
		};
		842005A72C1F500500349B2D /* Release */ = {
			isa = XCBuildConfiguration;
			buildSettings = {
				ASSETCATALOG_COMPILER_APPICON_NAME = AppIcon;
				ASSETCATALOG_COMPILER_GLOBAL_ACCENT_COLOR_NAME = AccentColor;
				CODE_SIGN_STYLE = Automatic;
				CURRENT_PROJECT_VERSION = 1;
				DEVELOPMENT_TEAM = BB77277Y6X;
				GENERATE_INFOPLIST_FILE = YES;
				INFOPLIST_FILE = Beneficiaries/Info.plist;
				INFOPLIST_KEY_UIApplicationSupportsIndirectInputEvents = YES;
				INFOPLIST_KEY_UILaunchStoryboardName = LaunchScreen;
				INFOPLIST_KEY_UIMainStoryboardFile = Main;
				INFOPLIST_KEY_UISupportedInterfaceOrientations_iPad = "UIInterfaceOrientationPortrait UIInterfaceOrientationPortraitUpsideDown UIInterfaceOrientationLandscapeLeft UIInterfaceOrientationLandscapeRight";
				INFOPLIST_KEY_UISupportedInterfaceOrientations_iPhone = "UIInterfaceOrientationPortrait UIInterfaceOrientationLandscapeLeft UIInterfaceOrientationLandscapeRight";
				LD_RUNPATH_SEARCH_PATHS = (
					"$(inherited)",
					"@executable_path/Frameworks",
				);
				MARKETING_VERSION = 1.0;
				PRODUCT_BUNDLE_IDENTIFIER = com.self.Beneficiaries;
				PRODUCT_NAME = "$(TARGET_NAME)";
				SWIFT_EMIT_LOC_STRINGS = YES;
				TARGETED_DEVICE_FAMILY = "1,2";
			};
			name = Release;
		};
		842005A92C1F500500349B2D /* Debug */ = {
			isa = XCBuildConfiguration;
			buildSettings = {
				BUNDLE_LOADER = "$(TEST_HOST)";
				CODE_SIGN_STYLE = Automatic;
				CURRENT_PROJECT_VERSION = 1;
				DEVELOPMENT_TEAM = BB77277Y6X;
				GENERATE_INFOPLIST_FILE = YES;
				IPHONEOS_DEPLOYMENT_TARGET = 17.5;
				MARKETING_VERSION = 1.0;
				PRODUCT_BUNDLE_IDENTIFIER = com.self.BeneficiariesTests;
				PRODUCT_NAME = "$(TARGET_NAME)";
				SWIFT_EMIT_LOC_STRINGS = NO;
				TARGETED_DEVICE_FAMILY = "1,2";
				TEST_HOST = "$(BUILT_PRODUCTS_DIR)/Beneficiaries.app/$(BUNDLE_EXECUTABLE_FOLDER_PATH)/Beneficiaries";
			};
			name = Debug;
		};
		842005AA2C1F500500349B2D /* Release */ = {
			isa = XCBuildConfiguration;
			buildSettings = {
				BUNDLE_LOADER = "$(TEST_HOST)";
				CODE_SIGN_STYLE = Automatic;
				CURRENT_PROJECT_VERSION = 1;
				DEVELOPMENT_TEAM = BB77277Y6X;
				GENERATE_INFOPLIST_FILE = YES;
				IPHONEOS_DEPLOYMENT_TARGET = 17.5;
				MARKETING_VERSION = 1.0;
				PRODUCT_BUNDLE_IDENTIFIER = com.self.BeneficiariesTests;
				PRODUCT_NAME = "$(TARGET_NAME)";
				SWIFT_EMIT_LOC_STRINGS = NO;
				TARGETED_DEVICE_FAMILY = "1,2";
				TEST_HOST = "$(BUILT_PRODUCTS_DIR)/Beneficiaries.app/$(BUNDLE_EXECUTABLE_FOLDER_PATH)/Beneficiaries";
			};
			name = Release;
		};
		842005AC2C1F500500349B2D /* Debug */ = {
			isa = XCBuildConfiguration;
			buildSettings = {
				CODE_SIGN_STYLE = Automatic;
				CURRENT_PROJECT_VERSION = 1;
				DEVELOPMENT_TEAM = BB77277Y6X;
				GENERATE_INFOPLIST_FILE = YES;
				MARKETING_VERSION = 1.0;
				PRODUCT_BUNDLE_IDENTIFIER = com.self.BeneficiariesUITests;
				PRODUCT_NAME = "$(TARGET_NAME)";
				SWIFT_EMIT_LOC_STRINGS = NO;
				TARGETED_DEVICE_FAMILY = "1,2";
				TEST_TARGET_NAME = Beneficiaries;
			};
			name = Debug;
		};
		842005AD2C1F500500349B2D /* Release */ = {
			isa = XCBuildConfiguration;
			buildSettings = {
				CODE_SIGN_STYLE = Automatic;
				CURRENT_PROJECT_VERSION = 1;
				DEVELOPMENT_TEAM = BB77277Y6X;
				GENERATE_INFOPLIST_FILE = YES;
				MARKETING_VERSION = 1.0;
				PRODUCT_BUNDLE_IDENTIFIER = com.self.BeneficiariesUITests;
				PRODUCT_NAME = "$(TARGET_NAME)";
				SWIFT_EMIT_LOC_STRINGS = NO;
				TARGETED_DEVICE_FAMILY = "1,2";
				TEST_TARGET_NAME = Beneficiaries;
			};
			name = Release;
		};
/* End XCBuildConfiguration section */

/* Begin XCConfigurationList section */
		8420056E2C1F500000349B2D /* Build configuration list for PBXProject "Beneficiaries" */ = {
			isa = XCConfigurationList;
			buildConfigurations = (
				842005A32C1F500500349B2D /* Debug */,
				842005A42C1F500500349B2D /* Release */,
			);
			defaultConfigurationIsVisible = 0;
			defaultConfigurationName = Release;
		};
		842005A52C1F500500349B2D /* Build configuration list for PBXNativeTarget "Beneficiaries" */ = {
			isa = XCConfigurationList;
			buildConfigurations = (
				842005A62C1F500500349B2D /* Debug */,
				842005A72C1F500500349B2D /* Release */,
			);
			defaultConfigurationIsVisible = 0;
			defaultConfigurationName = Release;
		};
		842005A82C1F500500349B2D /* Build configuration list for PBXNativeTarget "BeneficiariesTests" */ = {
			isa = XCConfigurationList;
			buildConfigurations = (
				842005A92C1F500500349B2D /* Debug */,
				842005AA2C1F500500349B2D /* Release */,
			);
			defaultConfigurationIsVisible = 0;
			defaultConfigurationName = Release;
		};
		842005AB2C1F500500349B2D /* Build configuration list for PBXNativeTarget "BeneficiariesUITests" */ = {
			isa = XCConfigurationList;
			buildConfigurations = (
				842005AC2C1F500500349B2D /* Debug */,
				842005AD2C1F500500349B2D /* Release */,
			);
			defaultConfigurationIsVisible = 0;
			defaultConfigurationName = Release;
		};
/* End XCConfigurationList section */

/* Begin XCVersionGroup section */
		842005822C1F500000349B2D /* Beneficiaries.xcdatamodeld */ = {
			isa = XCVersionGroup;
			children = (
				842005832C1F500000349B2D /* Beneficiaries.xcdatamodel */,
			);
			currentVersion = 842005832C1F500000349B2D /* Beneficiaries.xcdatamodel */;
			path = Beneficiaries.xcdatamodeld;
			sourceTree = "<group>";
			versionGroupType = wrapper.xcdatamodel;
		};
/* End XCVersionGroup section */
	};
	rootObject = 8420056B2C1F500000349B2D /* Project object */;
}
